
Microsoft Visual Studio Solution File, Format Version 12.00
# Visual Studio Version 17
VisualStudioVersion = 17.4.33205.214
MinimumVisualStudioVersion = 10.0.40219.1
Project("{9A19103F-16F7-4668-BE54-9A1E7A4F7556}") = "Pokedex.UI", "Pokedex\Pokedex.UI.csproj", "{745B900C-94CC-4C74-BBB8-0045F95DEB71}"
EndProject
Project("{9A19103F-16F7-4668-BE54-9A1E7A4F7556}") = "Pokedex.API", "Pokedex.API\Pokedex.API.csproj", "{D493D641-000D-43E7-8DC7-060D82291614}"
EndProject
Project("{9A19103F-16F7-4668-BE54-9A1E7A4F7556}") = "Pokedex.Db", "Pokedex.Db\Pokedex.Db.csproj", "{A52D417F-4B02-4173-B420-B19F3B6DCAD8}"
EndProject
Global
	GlobalSection(SolutionConfigurationPlatforms) = preSolution
		Debug|Any CPU = Debug|Any CPU
		Release|Any CPU = Release|Any CPU
	EndGlobalSection
	GlobalSection(ProjectConfigurationPlatforms) = postSolution
		{745B900C-94CC-4C74-BBB8-0045F95DEB71}.Debug|Any CPU.ActiveCfg = Debug|Any CPU
		{745B900C-94CC-4C74-BBB8-0045F95DEB71}.Debug|Any CPU.Build.0 = Debug|Any CPU
		{745B900C-94CC-4C74-BBB8-0045F95DEB71}.Release|Any CPU.ActiveCfg = Release|Any CPU
		{745B900C-94CC-4C74-BBB8-0045F95DEB71}.Release|Any CPU.Build.0 = Release|Any CPU
		{D493D641-000D-43E7-8DC7-060D82291614}.Debug|Any CPU.ActiveCfg = Debug|Any CPU
		{D493D641-000D-43E7-8DC7-060D82291614}.Debug|Any CPU.Build.0 = Debug|Any CPU
		{D493D641-000D-43E7-8DC7-060D82291614}.Release|Any CPU.ActiveCfg = Release|Any CPU
		{D493D641-000D-43E7-8DC7-060D82291614}.Release|Any CPU.Build.0 = Release|Any CPU
		{A52D417F-4B02-4173-B420-B19F3B6DCAD8}.Debug|Any CPU.ActiveCfg = Debug|Any CPU
		{A52D417F-4B02-4173-B420-B19F3B6DCAD8}.Debug|Any CPU.Build.0 = Debug|Any CPU
		{A52D417F-4B02-4173-B420-B19F3B6DCAD8}.Release|Any CPU.ActiveCfg = Release|Any CPU
		{A52D417F-4B02-4173-B420-B19F3B6DCAD8}.Release|Any CPU.Build.0 = Release|Any CPU
	EndGlobalSection
	GlobalSection(SolutionProperties) = preSolution
		HideSolutionNode = FALSE
	EndGlobalSection
	GlobalSection(ExtensibilityGlobals) = postSolution
		SolutionGuid = {DFDFE002-D47F-45CF-90E7-6C5635650B59}
	EndGlobalSection
EndGlobal
